
Microsoft Visual Studio Solution File, Format Version 12.00
# Visual Studio Version 17
VisualStudioVersion = 17.3.32929.385
MinimumVisualStudioVersion = 10.0.40219.1
Project("{2150E333-8FDC-42A3-9474-1A3956D46DE8}") = "Solutions", "Solutions", "{07542C0E-96A1-4F44-82C2-0A20535CBB6B}"
EndProject
Project("{FAE04EC0-301F-11D3-BF4B-00C04F79EFBC}") = "Entraides.Services.NecessiteuxAPI", "Entraides.Services.NecessiteuxAPI\Entraides.Services.NecessiteuxAPI.csproj", "{2E83D11A-829F-450F-BA62-08CB8C0A5E44}"
EndProject
Global
	GlobalSection(SolutionConfigurationPlatforms) = preSolution
		Debug|Any CPU = Debug|Any CPU
		Release|Any CPU = Release|Any CPU
	EndGlobalSection
	GlobalSection(ProjectConfigurationPlatforms) = postSolution
		{2E83D11A-829F-450F-BA62-08CB8C0A5E44}.Debug|Any CPU.ActiveCfg = Debug|Any CPU
		{2E83D11A-829F-450F-BA62-08CB8C0A5E44}.Debug|Any CPU.Build.0 = Debug|Any CPU
		{2E83D11A-829F-450F-BA62-08CB8C0A5E44}.Release|Any CPU.ActiveCfg = Release|Any CPU
		{2E83D11A-829F-450F-BA62-08CB8C0A5E44}.Release|Any CPU.Build.0 = Release|Any CPU
	EndGlobalSection
	GlobalSection(SolutionProperties) = preSolution
		HideSolutionNode = FALSE
	EndGlobalSection
	GlobalSection(NestedProjects) = preSolution
		{2E83D11A-829F-450F-BA62-08CB8C0A5E44} = {07542C0E-96A1-4F44-82C2-0A20535CBB6B}
	EndGlobalSection
	GlobalSection(ExtensibilityGlobals) = postSolution
		SolutionGuid = {9F778165-DA01-4053-A09E-17A80970266D}
	EndGlobalSection
EndGlobal
